// !$*UTF8*$!
{
	archiveVersion = 1;
	classes = {
	};
	objectVersion = 56;
	objects = {

/* Begin PBXBuildFile section */
		3706559F28F9AC4A0051E8C2 /* AoC_2022App.swift in Sources */ = {isa = PBXBuildFile; fileRef = 3706559E28F9AC4A0051E8C2 /* AoC_2022App.swift */; };
		370655A328F9AC4B0051E8C2 /* Assets.xcassets in Resources */ = {isa = PBXBuildFile; fileRef = 370655A228F9AC4B0051E8C2 /* Assets.xcassets */; };
		370655A628F9AC4B0051E8C2 /* Preview Assets.xcassets in Resources */ = {isa = PBXBuildFile; fileRef = 370655A528F9AC4B0051E8C2 /* Preview Assets.xcassets */; };
		370655B628F9AC950051E8C2 /* SolutionList.swift in Sources */ = {isa = PBXBuildFile; fileRef = 370655AE28F9AC950051E8C2 /* SolutionList.swift */; };
		370655B728F9AC950051E8C2 /* StopwatchUnitView.swift in Sources */ = {isa = PBXBuildFile; fileRef = 370655AF28F9AC950051E8C2 /* StopwatchUnitView.swift */; };
		370655B828F9AC950051E8C2 /* InputList.swift in Sources */ = {isa = PBXBuildFile; fileRef = 370655B028F9AC950051E8C2 /* InputList.swift */; };
		370655B928F9AC950051E8C2 /* ResultView.swift in Sources */ = {isa = PBXBuildFile; fileRef = 370655B128F9AC950051E8C2 /* ResultView.swift */; };
		370655BA28F9AC950051E8C2 /* ContentView.swift in Sources */ = {isa = PBXBuildFile; fileRef = 370655B228F9AC950051E8C2 /* ContentView.swift */; };
		370655BB28F9AC950051E8C2 /* InputRow.swift in Sources */ = {isa = PBXBuildFile; fileRef = 370655B328F9AC950051E8C2 /* InputRow.swift */; };
		370655BC28F9AC950051E8C2 /* StopwatchView.swift in Sources */ = {isa = PBXBuildFile; fileRef = 370655B428F9AC950051E8C2 /* StopwatchView.swift */; };
		370655BD28F9AC950051E8C2 /* SolutionRow.swift in Sources */ = {isa = PBXBuildFile; fileRef = 370655B528F9AC950051E8C2 /* SolutionRow.swift */; };
		370655C228F9ACB80051E8C2 /* AoCStrings.swift in Sources */ = {isa = PBXBuildFile; fileRef = 370655BF28F9ACB80051E8C2 /* AoCStrings.swift */; };
		370655C328F9ACB80051E8C2 /* AoCSpatial.swift in Sources */ = {isa = PBXBuildFile; fileRef = 370655C028F9ACB80051E8C2 /* AoCSpatial.swift */; };
		370655C428F9ACB80051E8C2 /* AoCUtil.swift in Sources */ = {isa = PBXBuildFile; fileRef = 370655C128F9ACB80051E8C2 /* AoCUtil.swift */; };
		370C391728F9C4B400ED1FDC /* Algorithms in Frameworks */ = {isa = PBXBuildFile; productRef = 370C391628F9C4B400ED1FDC /* Algorithms */; };
/* End PBXBuildFile section */

/* Begin PBXFileReference section */
		3706559B28F9AC4A0051E8C2 /* AoC 2022.app */ = {isa = PBXFileReference; explicitFileType = wrapper.application; includeInIndex = 0; path = "AoC 2022.app"; sourceTree = BUILT_PRODUCTS_DIR; };
		3706559E28F9AC4A0051E8C2 /* AoC_2022App.swift */ = {isa = PBXFileReference; lastKnownFileType = sourcecode.swift; path = AoC_2022App.swift; sourceTree = "<group>"; };
		370655A228F9AC4B0051E8C2 /* Assets.xcassets */ = {isa = PBXFileReference; lastKnownFileType = folder.assetcatalog; path = Assets.xcassets; sourceTree = "<group>"; };
		370655A528F9AC4B0051E8C2 /* Preview Assets.xcassets */ = {isa = PBXFileReference; lastKnownFileType = folder.assetcatalog; path = "Preview Assets.xcassets"; sourceTree = "<group>"; };
		370655A728F9AC4B0051E8C2 /* AoC_2022.entitlements */ = {isa = PBXFileReference; lastKnownFileType = text.plist.entitlements; path = AoC_2022.entitlements; sourceTree = "<group>"; };
		370655AE28F9AC950051E8C2 /* SolutionList.swift */ = {isa = PBXFileReference; fileEncoding = 4; lastKnownFileType = sourcecode.swift; path = SolutionList.swift; sourceTree = "<group>"; };
		370655AF28F9AC950051E8C2 /* StopwatchUnitView.swift */ = {isa = PBXFileReference; fileEncoding = 4; lastKnownFileType = sourcecode.swift; path = StopwatchUnitView.swift; sourceTree = "<group>"; };
		370655B028F9AC950051E8C2 /* InputList.swift */ = {isa = PBXFileReference; fileEncoding = 4; lastKnownFileType = sourcecode.swift; path = InputList.swift; sourceTree = "<group>"; };
		370655B128F9AC950051E8C2 /* ResultView.swift */ = {isa = PBXFileReference; fileEncoding = 4; lastKnownFileType = sourcecode.swift; path = ResultView.swift; sourceTree = "<group>"; };
		370655B228F9AC950051E8C2 /* ContentView.swift */ = {isa = PBXFileReference; fileEncoding = 4; lastKnownFileType = sourcecode.swift; path = ContentView.swift; sourceTree = "<group>"; };
		370655B328F9AC950051E8C2 /* InputRow.swift */ = {isa = PBXFileReference; fileEncoding = 4; lastKnownFileType = sourcecode.swift; path = InputRow.swift; sourceTree = "<group>"; };
		370655B428F9AC950051E8C2 /* StopwatchView.swift */ = {isa = PBXFileReference; fileEncoding = 4; lastKnownFileType = sourcecode.swift; path = StopwatchView.swift; sourceTree = "<group>"; };
		370655B528F9AC950051E8C2 /* SolutionRow.swift */ = {isa = PBXFileReference; fileEncoding = 4; lastKnownFileType = sourcecode.swift; path = SolutionRow.swift; sourceTree = "<group>"; };
		370655BF28F9ACB80051E8C2 /* AoCStrings.swift */ = {isa = PBXFileReference; fileEncoding = 4; lastKnownFileType = sourcecode.swift; path = AoCStrings.swift; sourceTree = "<group>"; };
		370655C028F9ACB80051E8C2 /* AoCSpatial.swift */ = {isa = PBXFileReference; fileEncoding = 4; lastKnownFileType = sourcecode.swift; path = AoCSpatial.swift; sourceTree = "<group>"; };
		370655C128F9ACB80051E8C2 /* AoCUtil.swift */ = {isa = PBXFileReference; fileEncoding = 4; lastKnownFileType = sourcecode.swift; path = AoCUtil.swift; sourceTree = "<group>"; };
/* End PBXFileReference section */

/* Begin PBXFrameworksBuildPhase section */
		3706559828F9AC4A0051E8C2 /* Frameworks */ = {
			isa = PBXFrameworksBuildPhase;
			buildActionMask = 2147483647;
			files = (
				370C391728F9C4B400ED1FDC /* Algorithms in Frameworks */,
			);
			runOnlyForDeploymentPostprocessing = 0;
		};
/* End PBXFrameworksBuildPhase section */

/* Begin PBXGroup section */
		3706559228F9AC4A0051E8C2 = {
			isa = PBXGroup;
			children = (
				3706559D28F9AC4A0051E8C2 /* AoC 2022 */,
				3706559C28F9AC4A0051E8C2 /* Products */,
			);
			sourceTree = "<group>";
		};
		3706559C28F9AC4A0051E8C2 /* Products */ = {
			isa = PBXGroup;
			children = (
				3706559B28F9AC4A0051E8C2 /* AoC 2022.app */,
			);
			name = Products;
			sourceTree = "<group>";
		};
		3706559D28F9AC4A0051E8C2 /* AoC 2022 */ = {
			isa = PBXGroup;
			children = (
				370655C528F9AD620051E8C2 /* Solutions */,
				370655BE28F9ACA90051E8C2 /* Libraries */,
				370655AD28F9AC7A0051E8C2 /* Views */,
				3706559E28F9AC4A0051E8C2 /* AoC_2022App.swift */,
				370655A228F9AC4B0051E8C2 /* Assets.xcassets */,
				370655A728F9AC4B0051E8C2 /* AoC_2022.entitlements */,
				370655A428F9AC4B0051E8C2 /* Preview Content */,
			);
			path = "AoC 2022";
			sourceTree = "<group>";
		};
		370655A428F9AC4B0051E8C2 /* Preview Content */ = {
			isa = PBXGroup;
			children = (
				370655A528F9AC4B0051E8C2 /* Preview Assets.xcassets */,
			);
			path = "Preview Content";
			sourceTree = "<group>";
		};
		370655AD28F9AC7A0051E8C2 /* Views */ = {
			isa = PBXGroup;
			children = (
				370655B228F9AC950051E8C2 /* ContentView.swift */,
				370655B028F9AC950051E8C2 /* InputList.swift */,
				370655B328F9AC950051E8C2 /* InputRow.swift */,
				370655B128F9AC950051E8C2 /* ResultView.swift */,
				370655AE28F9AC950051E8C2 /* SolutionList.swift */,
				370655B528F9AC950051E8C2 /* SolutionRow.swift */,
				370655AF28F9AC950051E8C2 /* StopwatchUnitView.swift */,
				370655B428F9AC950051E8C2 /* StopwatchView.swift */,
			);
			path = Views;
			sourceTree = "<group>";
		};
		370655BE28F9ACA90051E8C2 /* Libraries */ = {
			isa = PBXGroup;
			children = (
				370655C028F9ACB80051E8C2 /* AoCSpatial.swift */,
				370655BF28F9ACB80051E8C2 /* AoCStrings.swift */,
				370655C128F9ACB80051E8C2 /* AoCUtil.swift */,
			);
			path = Libraries;
			sourceTree = "<group>";
		};
		370655C528F9AD620051E8C2 /* Solutions */ = {
			isa = PBXGroup;
			children = (
			);
			path = Solutions;
			sourceTree = "<group>";
		};
/* End PBXGroup section */

/* Begin PBXNativeTarget section */
		3706559A28F9AC4A0051E8C2 /* AoC 2022 */ = {
			isa = PBXNativeTarget;
			buildConfigurationList = 370655AA28F9AC4B0051E8C2 /* Build configuration list for PBXNativeTarget "AoC 2022" */;
			buildPhases = (
				3706559728F9AC4A0051E8C2 /* Sources */,
				3706559828F9AC4A0051E8C2 /* Frameworks */,
				3706559928F9AC4A0051E8C2 /* Resources */,
			);
			buildRules = (
			);
			dependencies = (
			);
			name = "AoC 2022";
			packageProductDependencies = (
				370C391628F9C4B400ED1FDC /* Algorithms */,
			);
			productName = "AoC 2022";
			productReference = 3706559B28F9AC4A0051E8C2 /* AoC 2022.app */;
			productType = "com.apple.product-type.application";
		};
/* End PBXNativeTarget section */

/* Begin PBXProject section */
		3706559328F9AC4A0051E8C2 /* Project object */ = {
			isa = PBXProject;
			attributes = {
				BuildIndependentTargetsInParallel = 1;
				LastSwiftUpdateCheck = 1400;
				LastUpgradeCheck = 1400;
				TargetAttributes = {
					3706559A28F9AC4A0051E8C2 = {
						CreatedOnToolsVersion = 14.0.1;
					};
				};
			};
			buildConfigurationList = 3706559628F9AC4A0051E8C2 /* Build configuration list for PBXProject "AoC 2022" */;
			compatibilityVersion = "Xcode 14.0";
			developmentRegion = en;
			hasScannedForEncodings = 0;
			knownRegions = (
				en,
				Base,
			);
			mainGroup = 3706559228F9AC4A0051E8C2;
			packageReferences = (
				370C391528F9C4B400ED1FDC /* XCRemoteSwiftPackageReference "swift-algorithms" */,
			);
			productRefGroup = 3706559C28F9AC4A0051E8C2 /* Products */;
			projectDirPath = "";
			projectRoot = "";
			targets = (
				3706559A28F9AC4A0051E8C2 /* AoC 2022 */,
			);
		};
/* End PBXProject section */

/* Begin PBXResourcesBuildPhase section */
		3706559928F9AC4A0051E8C2 /* Resources */ = {
			isa = PBXResourcesBuildPhase;
			buildActionMask = 2147483647;
			files = (
				370655A628F9AC4B0051E8C2 /* Preview Assets.xcassets in Resources */,
				370655A328F9AC4B0051E8C2 /* Assets.xcassets in Resources */,
			);
			runOnlyForDeploymentPostprocessing = 0;
		};
/* End PBXResourcesBuildPhase section */

/* Begin PBXSourcesBuildPhase section */
		3706559728F9AC4A0051E8C2 /* Sources */ = {
			isa = PBXSourcesBuildPhase;
			buildActionMask = 2147483647;
			files = (
				370655C328F9ACB80051E8C2 /* AoCSpatial.swift in Sources */,
				370655C428F9ACB80051E8C2 /* AoCUtil.swift in Sources */,
				370655B828F9AC950051E8C2 /* InputList.swift in Sources */,
				370655BB28F9AC950051E8C2 /* InputRow.swift in Sources */,
				370655B628F9AC950051E8C2 /* SolutionList.swift in Sources */,
				370655C228F9ACB80051E8C2 /* AoCStrings.swift in Sources */,
				370655BA28F9AC950051E8C2 /* ContentView.swift in Sources */,
				370655BD28F9AC950051E8C2 /* SolutionRow.swift in Sources */,
				370655B728F9AC950051E8C2 /* StopwatchUnitView.swift in Sources */,
				3706559F28F9AC4A0051E8C2 /* AoC_2022App.swift in Sources */,
				370655B928F9AC950051E8C2 /* ResultView.swift in Sources */,
				370655BC28F9AC950051E8C2 /* StopwatchView.swift in Sources */,
			);
			runOnlyForDeploymentPostprocessing = 0;
		};
/* End PBXSourcesBuildPhase section */

/* Begin XCBuildConfiguration section */
		370655A828F9AC4B0051E8C2 /* Debug */ = {
			isa = XCBuildConfiguration;
			buildSettings = {
				ALWAYS_SEARCH_USER_PATHS = NO;
				CLANG_ANALYZER_NONNULL = YES;
				CLANG_ANALYZER_NUMBER_OBJECT_CONVERSION = YES_AGGRESSIVE;
				CLANG_CXX_LANGUAGE_STANDARD = "gnu++20";
				CLANG_ENABLE_MODULES = YES;
				CLANG_ENABLE_OBJC_ARC = YES;
				CLANG_ENABLE_OBJC_WEAK = YES;
				CLANG_WARN_BLOCK_CAPTURE_AUTORELEASING = YES;
				CLANG_WARN_BOOL_CONVERSION = YES;
				CLANG_WARN_COMMA = YES;
				CLANG_WARN_CONSTANT_CONVERSION = YES;
				CLANG_WARN_DEPRECATED_OBJC_IMPLEMENTATIONS = YES;
				CLANG_WARN_DIRECT_OBJC_ISA_USAGE = YES_ERROR;
				CLANG_WARN_DOCUMENTATION_COMMENTS = YES;
				CLANG_WARN_EMPTY_BODY = YES;
				CLANG_WARN_ENUM_CONVERSION = YES;
				CLANG_WARN_INFINITE_RECURSION = YES;
				CLANG_WARN_INT_CONVERSION = YES;
				CLANG_WARN_NON_LITERAL_NULL_CONVERSION = YES;
				CLANG_WARN_OBJC_IMPLICIT_RETAIN_SELF = YES;
				CLANG_WARN_OBJC_LITERAL_CONVERSION = YES;
				CLANG_WARN_OBJC_ROOT_CLASS = YES_ERROR;
				CLANG_WARN_QUOTED_INCLUDE_IN_FRAMEWORK_HEADER = YES;
				CLANG_WARN_RANGE_LOOP_ANALYSIS = YES;
				CLANG_WARN_STRICT_PROTOTYPES = YES;
				CLANG_WARN_SUSPICIOUS_MOVE = YES;
				CLANG_WARN_UNGUARDED_AVAILABILITY = YES_AGGRESSIVE;
				CLANG_WARN_UNREACHABLE_CODE = YES;
				CLANG_WARN__DUPLICATE_METHOD_MATCH = YES;
				COPY_PHASE_STRIP = NO;
				DEBUG_INFORMATION_FORMAT = dwarf;
				ENABLE_STRICT_OBJC_MSGSEND = YES;
				ENABLE_TESTABILITY = YES;
				GCC_C_LANGUAGE_STANDARD = gnu11;
				GCC_DYNAMIC_NO_PIC = NO;
				GCC_NO_COMMON_BLOCKS = YES;
				GCC_OPTIMIZATION_LEVEL = 0;
				GCC_PREPROCESSOR_DEFINITIONS = (
					"DEBUG=1",
					"$(inherited)",
				);
				GCC_WARN_64_TO_32_BIT_CONVERSION = YES;
				GCC_WARN_ABOUT_RETURN_TYPE = YES_ERROR;
				GCC_WARN_UNDECLARED_SELECTOR = YES;
				GCC_WARN_UNINITIALIZED_AUTOS = YES_AGGRESSIVE;
				GCC_WARN_UNUSED_FUNCTION = YES;
				GCC_WARN_UNUSED_VARIABLE = YES;
				MACOSX_DEPLOYMENT_TARGET = 13.0;
				MTL_ENABLE_DEBUG_INFO = INCLUDE_SOURCE;
				MTL_FAST_MATH = YES;
				ONLY_ACTIVE_ARCH = YES;
				SDKROOT = macosx;
				SWIFT_ACTIVE_COMPILATION_CONDITIONS = DEBUG;
				SWIFT_OPTIMIZATION_LEVEL = "-Onone";
			};
			name = Debug;
		};
		370655A928F9AC4B0051E8C2 /* Release */ = {
			isa = XCBuildConfiguration;
			buildSettings = {
				ALWAYS_SEARCH_USER_PATHS = NO;
				CLANG_ANALYZER_NONNULL = YES;
				CLANG_ANALYZER_NUMBER_OBJECT_CONVERSION = YES_AGGRESSIVE;
				CLANG_CXX_LANGUAGE_STANDARD = "gnu++20";
				CLANG_ENABLE_MODULES = YES;
				CLANG_ENABLE_OBJC_ARC = YES;
				CLANG_ENABLE_OBJC_WEAK = YES;
				CLANG_WARN_BLOCK_CAPTURE_AUTORELEASING = YES;
				CLANG_WARN_BOOL_CONVERSION = YES;
				CLANG_WARN_COMMA = YES;
				CLANG_WARN_CONSTANT_CONVERSION = YES;
				CLANG_WARN_DEPRECATED_OBJC_IMPLEMENTATIONS = YES;
				CLANG_WARN_DIRECT_OBJC_ISA_USAGE = YES_ERROR;
				CLANG_WARN_DOCUMENTATION_COMMENTS = YES;
				CLANG_WARN_EMPTY_BODY = YES;
				CLANG_WARN_ENUM_CONVERSION = YES;
				CLANG_WARN_INFINITE_RECURSION = YES;
				CLANG_WARN_INT_CONVERSION = YES;
				CLANG_WARN_NON_LITERAL_NULL_CONVERSION = YES;
				CLANG_WARN_OBJC_IMPLICIT_RETAIN_SELF = YES;
				CLANG_WARN_OBJC_LITERAL_CONVERSION = YES;
				CLANG_WARN_OBJC_ROOT_CLASS = YES_ERROR;
				CLANG_WARN_QUOTED_INCLUDE_IN_FRAMEWORK_HEADER = YES;
				CLANG_WARN_RANGE_LOOP_ANALYSIS = YES;
				CLANG_WARN_STRICT_PROTOTYPES = YES;
				CLANG_WARN_SUSPICIOUS_MOVE = YES;
				CLANG_WARN_UNGUARDED_AVAILABILITY = YES_AGGRESSIVE;
				CLANG_WARN_UNREACHABLE_CODE = YES;
				CLANG_WARN__DUPLICATE_METHOD_MATCH = YES;
				COPY_PHASE_STRIP = NO;
				DEBUG_INFORMATION_FORMAT = "dwarf-with-dsym";
				ENABLE_NS_ASSERTIONS = NO;
				ENABLE_STRICT_OBJC_MSGSEND = YES;
				GCC_C_LANGUAGE_STANDARD = gnu11;
				GCC_NO_COMMON_BLOCKS = YES;
				GCC_WARN_64_TO_32_BIT_CONVERSION = YES;
				GCC_WARN_ABOUT_RETURN_TYPE = YES_ERROR;
				GCC_WARN_UNDECLARED_SELECTOR = YES;
				GCC_WARN_UNINITIALIZED_AUTOS = YES_AGGRESSIVE;
				GCC_WARN_UNUSED_FUNCTION = YES;
				GCC_WARN_UNUSED_VARIABLE = YES;
				MACOSX_DEPLOYMENT_TARGET = 13.0;
				MTL_ENABLE_DEBUG_INFO = NO;
				MTL_FAST_MATH = YES;
				SDKROOT = macosx;
				SWIFT_COMPILATION_MODE = wholemodule;
				SWIFT_OPTIMIZATION_LEVEL = "-O";
			};
			name = Release;
		};
		370655AB28F9AC4B0051E8C2 /* Debug */ = {
			isa = XCBuildConfiguration;
			buildSettings = {
				ASSETCATALOG_COMPILER_APPICON_NAME = AppIcon;
				ASSETCATALOG_COMPILER_GLOBAL_ACCENT_COLOR_NAME = AccentColor;
				CODE_SIGN_ENTITLEMENTS = "AoC 2022/AoC_2022.entitlements";
				CODE_SIGN_STYLE = Automatic;
				COMBINE_HIDPI_IMAGES = YES;
				CURRENT_PROJECT_VERSION = 1;
				DEVELOPMENT_ASSET_PATHS = "\"AoC 2022/Preview Content\"";
				DEVELOPMENT_TEAM = TQU5FGEV2A;
				ENABLE_HARDENED_RUNTIME = YES;
				ENABLE_PREVIEWS = YES;
				GENERATE_INFOPLIST_FILE = YES;
				INFOPLIST_KEY_NSHumanReadableCopyright = "";
				LD_RUNPATH_SEARCH_PATHS = (
					"$(inherited)",
					"@executable_path/../Frameworks",
				);
				MACOSX_DEPLOYMENT_TARGET = 13.0;
				MARKETING_VERSION = 1.0;
				PRODUCT_BUNDLE_IDENTIFIER = "ca.biickert.AoC-2022";
				PRODUCT_NAME = "$(TARGET_NAME)";
				SWIFT_EMIT_LOC_STRINGS = YES;
				SWIFT_VERSION = 5.0;
			};
			name = Debug;
		};
		370655AC28F9AC4B0051E8C2 /* Release */ = {
			isa = XCBuildConfiguration;
			buildSettings = {
				ASSETCATALOG_COMPILER_APPICON_NAME = AppIcon;
				ASSETCATALOG_COMPILER_GLOBAL_ACCENT_COLOR_NAME = AccentColor;
				CODE_SIGN_ENTITLEMENTS = "AoC 2022/AoC_2022.entitlements";
				CODE_SIGN_STYLE = Automatic;
				COMBINE_HIDPI_IMAGES = YES;
				CURRENT_PROJECT_VERSION = 1;
				DEVELOPMENT_ASSET_PATHS = "\"AoC 2022/Preview Content\"";
				DEVELOPMENT_TEAM = TQU5FGEV2A;
				ENABLE_HARDENED_RUNTIME = YES;
				ENABLE_PREVIEWS = YES;
				GENERATE_INFOPLIST_FILE = YES;
				INFOPLIST_KEY_NSHumanReadableCopyright = "";
				LD_RUNPATH_SEARCH_PATHS = (
					"$(inherited)",
					"@executable_path/../Frameworks",
				);
				MACOSX_DEPLOYMENT_TARGET = 13.0;
				MARKETING_VERSION = 1.0;
				PRODUCT_BUNDLE_IDENTIFIER = "ca.biickert.AoC-2022";
				PRODUCT_NAME = "$(TARGET_NAME)";
				SWIFT_EMIT_LOC_STRINGS = YES;
				SWIFT_VERSION = 5.0;
			};
			name = Release;
		};
/* End XCBuildConfiguration section */

/* Begin XCConfigurationList section */
		3706559628F9AC4A0051E8C2 /* Build configuration list for PBXProject "AoC 2022" */ = {
			isa = XCConfigurationList;
			buildConfigurations = (
				370655A828F9AC4B0051E8C2 /* Debug */,
				370655A928F9AC4B0051E8C2 /* Release */,
			);
			defaultConfigurationIsVisible = 0;
			defaultConfigurationName = Release;
		};
		370655AA28F9AC4B0051E8C2 /* Build configuration list for PBXNativeTarget "AoC 2022" */ = {
			isa = XCConfigurationList;
			buildConfigurations = (
				370655AB28F9AC4B0051E8C2 /* Debug */,
				370655AC28F9AC4B0051E8C2 /* Release */,
			);
			defaultConfigurationIsVisible = 0;
			defaultConfigurationName = Release;
		};
/* End XCConfigurationList section */

/* Begin XCRemoteSwiftPackageReference section */
		370C391528F9C4B400ED1FDC /* XCRemoteSwiftPackageReference "swift-algorithms" */ = {
			isa = XCRemoteSwiftPackageReference;
			repositoryURL = "https://github.com/apple/swift-algorithms.git";
			requirement = {
				kind = upToNextMajorVersion;
				minimumVersion = 1.0.0;
			};
		};
/* End XCRemoteSwiftPackageReference section */

/* Begin XCSwiftPackageProductDependency section */
		370C391628F9C4B400ED1FDC /* Algorithms */ = {
			isa = XCSwiftPackageProductDependency;
			package = 370C391528F9C4B400ED1FDC /* XCRemoteSwiftPackageReference "swift-algorithms" */;
			productName = Algorithms;
		};
/* End XCSwiftPackageProductDependency section */
	};
	rootObject = 3706559328F9AC4A0051E8C2 /* Project object */;
}
